{
  "name": "rstream-w",
  "version": "0.0.1",
  "lockfileVersion": 3,
  "requires": true,
  "packages": {
    "": {
      "name": "rstream-w",
      "version": "0.0.1",
      "devDependencies": {
        "@thi.ng/rstream": "^8.2.1",
        "esbuild": "^0.19.5",
        "vue": "*"
      },
      "engines": {
        "node": "^21.0.0",
        "npm": "^10.0.0"
      }
    },
    "node_modules/@babel/parser": {
      "version": "7.23.0",
      "resolved": "https://registry.npmjs.org/@babel/parser/-/parser-7.23.0.tgz",
      "integrity": "sha512-vvPKKdMemU85V9WE/l5wZEmImpCtLqbnTvqDS2U1fJ96KrxoW7KrXhNsNCblQlg8Ck4b85yxdTyelsMUgFUXiw==",
      "dev": true,
      "bin": {
        "parser": "bin/babel-parser.js"
      },
      "engines": {
        "node": ">=6.0.0"
      }
    },
    "node_modules/@esbuild/android-arm": {
      "version": "0.19.5",
      "resolved": "https://registry.npmjs.org/@esbuild/android-arm/-/android-arm-0.19.5.tgz",
      "integrity": "sha512-bhvbzWFF3CwMs5tbjf3ObfGqbl/17ict2/uwOSfr3wmxDE6VdS2GqY/FuzIPe0q0bdhj65zQsvqfArI9MY6+AA==",
      "cpu": [
        "arm"
      ],
      "dev": true,
      "optional": true,
      "os": [
        "android"
      ],
      "engines": {
        "node": ">=12"
      }
    },
    "node_modules/@esbuild/android-arm64": {
      "version": "0.19.5",
      "resolved": "https://registry.npmjs.org/@esbuild/android-arm64/-/android-arm64-0.19.5.tgz",
      "integrity": "sha512-5d1OkoJxnYQfmC+Zd8NBFjkhyCNYwM4n9ODrycTFY6Jk1IGiZ+tjVJDDSwDt77nK+tfpGP4T50iMtVi4dEGzhQ==",
      "cpu": [
        "arm64"
      ],
      "dev": true,
      "optional": true,
      "os": [
        "android"
      ],
      "engines": {
        "node": ">=12"
      }
    },
    "node_modules/@esbuild/android-x64": {
      "version": "0.19.5",
      "resolved": "https://registry.npmjs.org/@esbuild/android-x64/-/android-x64-0.19.5.tgz",
      "integrity": "sha512-9t+28jHGL7uBdkBjL90QFxe7DVA+KGqWlHCF8ChTKyaKO//VLuoBricQCgwhOjA1/qOczsw843Fy4cbs4H3DVA==",
      "cpu": [
        "x64"
      ],
      "dev": true,
      "optional": true,
      "os": [
        "android"
      ],
      "engines": {
        "node": ">=12"
      }
    },
    "node_modules/@esbuild/darwin-arm64": {
      "version": "0.19.5",
      "resolved": "https://registry.npmjs.org/@esbuild/darwin-arm64/-/darwin-arm64-0.19.5.tgz",
      "integrity": "sha512-mvXGcKqqIqyKoxq26qEDPHJuBYUA5KizJncKOAf9eJQez+L9O+KfvNFu6nl7SCZ/gFb2QPaRqqmG0doSWlgkqw==",
      "cpu": [
        "arm64"
      ],
      "dev": true,
      "optional": true,
      "os": [
        "darwin"
      ],
      "engines": {
        "node": ">=12"
      }
    },
    "node_modules/@esbuild/darwin-x64": {
      "version": "0.19.5",
      "resolved": "https://registry.npmjs.org/@esbuild/darwin-x64/-/darwin-x64-0.19.5.tgz",
      "integrity": "sha512-Ly8cn6fGLNet19s0X4unjcniX24I0RqjPv+kurpXabZYSXGM4Pwpmf85WHJN3lAgB8GSth7s5A0r856S+4DyiA==",
      "cpu": [
        "x64"
      ],
      "dev": true,
      "optional": true,
      "os": [
        "darwin"
      ],
      "engines": {
        "node": ">=12"
      }
    },
    "node_modules/@esbuild/freebsd-arm64": {
      "version": "0.19.5",
      "resolved": "https://registry.npmjs.org/@esbuild/freebsd-arm64/-/freebsd-arm64-0.19.5.tgz",
      "integrity": "sha512-GGDNnPWTmWE+DMchq1W8Sd0mUkL+APvJg3b11klSGUDvRXh70JqLAO56tubmq1s2cgpVCSKYywEiKBfju8JztQ==",
      "cpu": [
        "arm64"
      ],
      "dev": true,
      "optional": true,
      "os": [
        "freebsd"
      ],
      "engines": {
        "node": ">=12"
      }
    },
    "node_modules/@esbuild/freebsd-x64": {
      "version": "0.19.5",
      "resolved": "https://registry.npmjs.org/@esbuild/freebsd-x64/-/freebsd-x64-0.19.5.tgz",
      "integrity": "sha512-1CCwDHnSSoA0HNwdfoNY0jLfJpd7ygaLAp5EHFos3VWJCRX9DMwWODf96s9TSse39Br7oOTLryRVmBoFwXbuuQ==",
      "cpu": [
        "x64"
      ],
      "dev": true,
      "optional": true,
      "os": [
        "freebsd"
      ],
      "engines": {
        "node": ">=12"
      }
    },
    "node_modules/@esbuild/linux-arm": {
      "version": "0.19.5",
      "resolved": "https://registry.npmjs.org/@esbuild/linux-arm/-/linux-arm-0.19.5.tgz",
      "integrity": "sha512-lrWXLY/vJBzCPC51QN0HM71uWgIEpGSjSZZADQhq7DKhPcI6NH1IdzjfHkDQws2oNpJKpR13kv7/pFHBbDQDwQ==",
      "cpu": [
        "arm"
      ],
      "dev": true,
      "optional": true,
      "os": [
        "linux"
      ],
      "engines": {
        "node": ">=12"
      }
    },
    "node_modules/@esbuild/linux-arm64": {
      "version": "0.19.5",
      "resolved": "https://registry.npmjs.org/@esbuild/linux-arm64/-/linux-arm64-0.19.5.tgz",
      "integrity": "sha512-o3vYippBmSrjjQUCEEiTZ2l+4yC0pVJD/Dl57WfPwwlvFkrxoSO7rmBZFii6kQB3Wrn/6GwJUPLU5t52eq2meA==",
      "cpu": [
        "arm64"
      ],
      "dev": true,
      "optional": true,
      "os": [
        "linux"
      ],
      "engines": {
        "node": ">=12"
      }
    },
    "node_modules/@esbuild/linux-ia32": {
      "version": "0.19.5",
      "resolved": "https://registry.npmjs.org/@esbuild/linux-ia32/-/linux-ia32-0.19.5.tgz",
      "integrity": "sha512-MkjHXS03AXAkNp1KKkhSKPOCYztRtK+KXDNkBa6P78F8Bw0ynknCSClO/ztGszILZtyO/lVKpa7MolbBZ6oJtQ==",
      "cpu": [
        "ia32"
      ],
      "dev": true,
      "optional": true,
      "os": [
        "linux"
      ],
      "engines": {
        "node": ">=12"
      }
    },
    "node_modules/@esbuild/linux-loong64": {
      "version": "0.19.5",
      "resolved": "https://registry.npmjs.org/@esbuild/linux-loong64/-/linux-loong64-0.19.5.tgz",
      "integrity": "sha512-42GwZMm5oYOD/JHqHska3Jg0r+XFb/fdZRX+WjADm3nLWLcIsN27YKtqxzQmGNJgu0AyXg4HtcSK9HuOk3v1Dw==",
      "cpu": [
        "loong64"
      ],
      "dev": true,
      "optional": true,
      "os": [
        "linux"
      ],
      "engines": {
        "node": ">=12"
      }
    },
    "node_modules/@esbuild/linux-mips64el": {
      "version": "0.19.5",
      "resolved": "https://registry.npmjs.org/@esbuild/linux-mips64el/-/linux-mips64el-0.19.5.tgz",
      "integrity": "sha512-kcjndCSMitUuPJobWCnwQ9lLjiLZUR3QLQmlgaBfMX23UEa7ZOrtufnRds+6WZtIS9HdTXqND4yH8NLoVVIkcg==",
      "cpu": [
        "mips64el"
      ],
      "dev": true,
      "optional": true,
      "os": [
        "linux"
      ],
      "engines": {
        "node": ">=12"
      }
    },
    "node_modules/@esbuild/linux-ppc64": {
      "version": "0.19.5",
      "resolved": "https://registry.npmjs.org/@esbuild/linux-ppc64/-/linux-ppc64-0.19.5.tgz",
      "integrity": "sha512-yJAxJfHVm0ZbsiljbtFFP1BQKLc8kUF6+17tjQ78QjqjAQDnhULWiTA6u0FCDmYT1oOKS9PzZ2z0aBI+Mcyj7Q==",
      "cpu": [
        "ppc64"
      ],
      "dev": true,
      "optional": true,
      "os": [
        "linux"
      ],
      "engines": {
        "node": ">=12"
      }
    },
    "node_modules/@esbuild/linux-riscv64": {
      "version": "0.19.5",
      "resolved": "https://registry.npmjs.org/@esbuild/linux-riscv64/-/linux-riscv64-0.19.5.tgz",
      "integrity": "sha512-5u8cIR/t3gaD6ad3wNt1MNRstAZO+aNyBxu2We8X31bA8XUNyamTVQwLDA1SLoPCUehNCymhBhK3Qim1433Zag==",
      "cpu": [
        "riscv64"
      ],
      "dev": true,
      "optional": true,
      "os": [
        "linux"
      ],
      "engines": {
        "node": ">=12"
      }
    },
    "node_modules/@esbuild/linux-s390x": {
      "version": "0.19.5",
      "resolved": "https://registry.npmjs.org/@esbuild/linux-s390x/-/linux-s390x-0.19.5.tgz",
      "integrity": "sha512-Z6JrMyEw/EmZBD/OFEFpb+gao9xJ59ATsoTNlj39jVBbXqoZm4Xntu6wVmGPB/OATi1uk/DB+yeDPv2E8PqZGw==",
      "cpu": [
        "s390x"
      ],
      "dev": true,
      "optional": true,
      "os": [
        "linux"
      ],
      "engines": {
        "node": ">=12"
      }
    },
    "node_modules/@esbuild/linux-x64": {
      "version": "0.19.5",
      "resolved": "https://registry.npmjs.org/@esbuild/linux-x64/-/linux-x64-0.19.5.tgz",
      "integrity": "sha512-psagl+2RlK1z8zWZOmVdImisMtrUxvwereIdyJTmtmHahJTKb64pAcqoPlx6CewPdvGvUKe2Jw+0Z/0qhSbG1A==",
      "cpu": [
        "x64"
      ],
      "dev": true,
      "optional": true,
      "os": [
        "linux"
      ],
      "engines": {
        "node": ">=12"
      }
    },
    "node_modules/@esbuild/netbsd-x64": {
      "version": "0.19.5",
      "resolved": "https://registry.npmjs.org/@esbuild/netbsd-x64/-/netbsd-x64-0.19.5.tgz",
      "integrity": "sha512-kL2l+xScnAy/E/3119OggX8SrWyBEcqAh8aOY1gr4gPvw76la2GlD4Ymf832UCVbmuWeTf2adkZDK+h0Z/fB4g==",
      "cpu": [
        "x64"
      ],
      "dev": true,
      "optional": true,
      "os": [
        "netbsd"
      ],
      "engines": {
        "node": ">=12"
      }
    },
    "node_modules/@esbuild/openbsd-x64": {
      "version": "0.19.5",
      "resolved": "https://registry.npmjs.org/@esbuild/openbsd-x64/-/openbsd-x64-0.19.5.tgz",
      "integrity": "sha512-sPOfhtzFufQfTBgRnE1DIJjzsXukKSvZxloZbkJDG383q0awVAq600pc1nfqBcl0ice/WN9p4qLc39WhBShRTA==",
      "cpu": [
        "x64"
      ],
      "dev": true,
      "optional": true,
      "os": [
        "openbsd"
      ],
      "engines": {
        "node": ">=12"
      }
    },
    "node_modules/@esbuild/sunos-x64": {
      "version": "0.19.5",
      "resolved": "https://registry.npmjs.org/@esbuild/sunos-x64/-/sunos-x64-0.19.5.tgz",
      "integrity": "sha512-dGZkBXaafuKLpDSjKcB0ax0FL36YXCvJNnztjKV+6CO82tTYVDSH2lifitJ29jxRMoUhgkg9a+VA/B03WK5lcg==",
      "cpu": [
        "x64"
      ],
      "dev": true,
      "optional": true,
      "os": [
        "sunos"
      ],
      "engines": {
        "node": ">=12"
      }
    },
    "node_modules/@esbuild/win32-arm64": {
      "version": "0.19.5",
      "resolved": "https://registry.npmjs.org/@esbuild/win32-arm64/-/win32-arm64-0.19.5.tgz",
      "integrity": "sha512-dWVjD9y03ilhdRQ6Xig1NWNgfLtf2o/STKTS+eZuF90fI2BhbwD6WlaiCGKptlqXlURVB5AUOxUj09LuwKGDTg==",
      "cpu": [
        "arm64"
      ],
      "dev": true,
      "optional": true,
      "os": [
        "win32"
      ],
      "engines": {
        "node": ">=12"
      }
    },
    "node_modules/@esbuild/win32-ia32": {
      "version": "0.19.5",
      "resolved": "https://registry.npmjs.org/@esbuild/win32-ia32/-/win32-ia32-0.19.5.tgz",
      "integrity": "sha512-4liggWIA4oDgUxqpZwrDhmEfAH4d0iljanDOK7AnVU89T6CzHon/ony8C5LeOdfgx60x5cnQJFZwEydVlYx4iw==",
      "cpu": [
        "ia32"
      ],
      "dev": true,
      "optional": true,
      "os": [
        "win32"
      ],
      "engines": {
        "node": ">=12"
      }
    },
    "node_modules/@esbuild/win32-x64": {
      "version": "0.19.5",
      "resolved": "https://registry.npmjs.org/@esbuild/win32-x64/-/win32-x64-0.19.5.tgz",
      "integrity": "sha512-czTrygUsB/jlM8qEW5MD8bgYU2Xg14lo6kBDXW6HdxKjh8M5PzETGiSHaz9MtbXBYDloHNUAUW2tMiKW4KM9Mw==",
      "cpu": [
        "x64"
      ],
      "dev": true,
      "optional": true,
      "os": [
        "win32"
      ],
      "engines": {
        "node": ">=12"
      }
    },
    "node_modules/@jridgewell/sourcemap-codec": {
      "version": "1.4.15",
      "resolved": "https://registry.npmjs.org/@jridgewell/sourcemap-codec/-/sourcemap-codec-1.4.15.tgz",
      "integrity": "sha512-eF2rxCRulEKXHTRiDrDy6erMYWqNw4LPdQ8UQA4huuxaQsVeRPFl2oM8oDGxMFhJUWZf9McpLtJasDDZb/Bpeg==",
      "dev": true
    },
    "node_modules/@thi.ng/api": {
      "version": "8.9.6",
      "resolved": "https://registry.npmjs.org/@thi.ng/api/-/api-8.9.6.tgz",
      "integrity": "sha512-9m+FS3klc3/3ehEy9FuLJdPI81rBWNxkAa24xiclNU7pShHyrSOdbiwFeKiVAFcLYW+fLhRomFEnTm80nncNuw==",
      "dev": true,
      "funding": [
        {
          "type": "github",
          "url": "https://github.com/sponsors/postspectacular"
        },
        {
          "type": "patreon",
          "url": "https://patreon.com/thing_umbrella"
        }
      ],
      "engines": {
        "node": ">=12.7"
      }
    },
    "node_modules/@thi.ng/arrays": {
      "version": "2.6.4",
      "resolved": "https://registry.npmjs.org/@thi.ng/arrays/-/arrays-2.6.4.tgz",
      "integrity": "sha512-hMqjM7/crb6qnKIBcjAssmWQyEu9iapFXFc2Ua2SzbdNQo/6FjRPXKpPueT3ijVIkekXCZqx8S+Yz4Zs/D+EGQ==",
      "dev": true,
      "funding": [
        {
          "type": "github",
          "url": "https://github.com/sponsors/postspectacular"
        },
        {
          "type": "patreon",
          "url": "https://patreon.com/thing_umbrella"
        }
      ],
      "dependencies": {
        "@thi.ng/api": "^8.9.6",
        "@thi.ng/checks": "^3.4.6",
        "@thi.ng/compare": "^2.2.1",
        "@thi.ng/equiv": "^2.1.31",
        "@thi.ng/errors": "^2.3.6",
        "@thi.ng/random": "^3.6.9"
      },
      "engines": {
        "node": ">=12.7"
      }
    },
    "node_modules/@thi.ng/associative": {
      "version": "6.3.12",
      "resolved": "https://registry.npmjs.org/@thi.ng/associative/-/associative-6.3.12.tgz",
      "integrity": "sha512-PjGf92SOF6maHH968aTa7U7PSgfqicryaWwDfyOYuV9he1JNNSJk3OmyIcvPA/bL5pzeL9teGSkLBFD6MnjYVA==",
      "dev": true,
      "funding": [
        {
          "type": "github",
          "url": "https://github.com/sponsors/postspectacular"
        },
        {
          "type": "patreon",
          "url": "https://patreon.com/thing_umbrella"
        }
      ],
      "dependencies": {
        "@thi.ng/api": "^8.9.6",
        "@thi.ng/arrays": "^2.6.4",
        "@thi.ng/binary": "^3.3.34",
        "@thi.ng/checks": "^3.4.6",
        "@thi.ng/compare": "^2.2.1",
        "@thi.ng/dcons": "^3.2.65",
        "@thi.ng/equiv": "^2.1.31",
        "@thi.ng/errors": "^2.3.6",
        "@thi.ng/random": "^3.6.9",
        "@thi.ng/transducers": "^8.8.3",
        "tslib": "^2.6.2"
      },
      "engines": {
        "node": ">=12.7"
      }
    },
    "node_modules/@thi.ng/atom": {
      "version": "5.2.10",
      "resolved": "https://registry.npmjs.org/@thi.ng/atom/-/atom-5.2.10.tgz",
      "integrity": "sha512-7yrq0iDmjnkNxIn1hhKogpLWr3En+8Ip5W8RD+1xLxY0Wa2QtT3MYVOfM8M/B+LJHrWAmrzBVlOZJcr2mFXq8w==",
      "dev": true,
      "funding": [
        {
          "type": "github",
          "url": "https://github.com/sponsors/postspectacular"
        },
        {
          "type": "patreon",
          "url": "https://patreon.com/thing_umbrella"
        }
      ],
      "dependencies": {
        "@thi.ng/api": "^8.9.6",
        "@thi.ng/equiv": "^2.1.31",
        "@thi.ng/errors": "^2.3.6",
        "@thi.ng/paths": "^5.1.45",
        "tslib": "^2.6.2"
      },
      "engines": {
        "node": ">=12.7"
      }
    },
    "node_modules/@thi.ng/binary": {
      "version": "3.3.34",
      "resolved": "https://registry.npmjs.org/@thi.ng/binary/-/binary-3.3.34.tgz",
      "integrity": "sha512-co10LK4g9jIQtcA7Jrh8e5C8rjOSmksJqBEHQhqw24pR8lEvluqeOqQMhgdESHSElJ9NE3ANaxkXjSW2zld2Dw==",
      "dev": true,
      "funding": [
        {
          "type": "github",
          "url": "https://github.com/sponsors/postspectacular"
        },
        {
          "type": "patreon",
          "url": "https://patreon.com/thing_umbrella"
        }
      ],
      "dependencies": {
        "@thi.ng/api": "^8.9.6"
      },
      "engines": {
        "node": ">=12.7"
      }
    },
    "node_modules/@thi.ng/checks": {
      "version": "3.4.6",
      "resolved": "https://registry.npmjs.org/@thi.ng/checks/-/checks-3.4.6.tgz",
      "integrity": "sha512-WiYzysSk826b8TgruFZaLYVxVeDLjg8liuqZKWb0QJM5wb0Si2sf/cGvvHcAnup+g5DUtyz2ib3XEzW9O5Lxtw==",
      "dev": true,
      "funding": [
        {
          "type": "github",
          "url": "https://github.com/sponsors/postspectacular"
        },
        {
          "type": "patreon",
          "url": "https://patreon.com/thing_umbrella"
        }
      ],
      "dependencies": {
        "tslib": "^2.6.2"
      },
      "engines": {
        "node": ">=12.7"
      }
    },
    "node_modules/@thi.ng/compare": {
      "version": "2.2.1",
      "resolved": "https://registry.npmjs.org/@thi.ng/compare/-/compare-2.2.1.tgz",
      "integrity": "sha512-AS1MwVQDp+hUrFoStwgXD3MOpNyoAlGmlKWsz5ZYv4sFyAwv32JjF3b+PtDkUbnW/Wa8J+8MlT4uuCDTzbsikA==",
      "dev": true,
      "funding": [
        {
          "type": "github",
          "url": "https://github.com/sponsors/postspectacular"
        },
        {
          "type": "patreon",
          "url": "https://patreon.com/thing_umbrella"
        }
      ],
      "dependencies": {
        "@thi.ng/api": "^8.9.6"
      },
      "engines": {
        "node": ">=12.7"
      }
    },
    "node_modules/@thi.ng/compose": {
      "version": "2.1.43",
      "resolved": "https://registry.npmjs.org/@thi.ng/compose/-/compose-2.1.43.tgz",
      "integrity": "sha512-BmHmBwzdVneX+7ylmr7mr+LuMXKjhXCddB0BVY6YJNfM8Bxumz9hQlSXaWvZZBMRF7yhyPPx3GfClsdLq8kETw==",
      "dev": true,
      "funding": [
        {
          "type": "github",
          "url": "https://github.com/sponsors/postspectacular"
        },
        {
          "type": "patreon",
          "url": "https://patreon.com/thing_umbrella"
        }
      ],
      "dependencies": {
        "@thi.ng/api": "^8.9.6",
        "@thi.ng/errors": "^2.3.6"
      },
      "engines": {
        "node": ">=12.7"
      }
    },
    "node_modules/@thi.ng/dcons": {
      "version": "3.2.65",
      "resolved": "https://registry.npmjs.org/@thi.ng/dcons/-/dcons-3.2.65.tgz",
      "integrity": "sha512-Bnuea2fQZmIe1WsG0Jl52RW9EdT2/O59dZp1uys0mUjM56bUETl3SlUykNsBx9+UQrZFCKiF0x8iwiD/bv1yQQ==",
      "dev": true,
      "funding": [
        {
          "type": "github",
          "url": "https://github.com/sponsors/postspectacular"
        },
        {
          "type": "patreon",
          "url": "https://patreon.com/thing_umbrella"
        }
      ],
      "dependencies": {
        "@thi.ng/api": "^8.9.6",
        "@thi.ng/checks": "^3.4.6",
        "@thi.ng/compare": "^2.2.1",
        "@thi.ng/equiv": "^2.1.31",
        "@thi.ng/errors": "^2.3.6",
        "@thi.ng/random": "^3.6.9",
        "@thi.ng/transducers": "^8.8.3"
      },
      "engines": {
        "node": ">=12.7"
      }
    },
    "node_modules/@thi.ng/equiv": {
      "version": "2.1.31",
      "resolved": "https://registry.npmjs.org/@thi.ng/equiv/-/equiv-2.1.31.tgz",
      "integrity": "sha512-EFyLyTnxL9zkWvXUT39+2RweZn1iq/zZAdRne4LkwBO5c8Psl3vxTpHxoe+WZQe3/iaGqJlNky9yauozkmdviQ==",
      "dev": true,
      "funding": [
        {
          "type": "github",
          "url": "https://github.com/sponsors/postspectacular"
        },
        {
          "type": "patreon",
          "url": "https://patreon.com/thing_umbrella"
        }
      ],
      "engines": {
        "node": ">=12.7"
      }
    },
    "node_modules/@thi.ng/errors": {
      "version": "2.3.6",
      "resolved": "https://registry.npmjs.org/@thi.ng/errors/-/errors-2.3.6.tgz",
      "integrity": "sha512-2t7vwSOgKLT7vWJWgdi3lfXpcufFelQJcKsiVl85ESI7EQS4ouvpdm2HXak/twiFYyzfUXNrzqVI0XPmhWH96w==",
      "dev": true,
      "funding": [
        {
          "type": "github",
          "url": "https://github.com/sponsors/postspectacular"
        },
        {
          "type": "patreon",
          "url": "https://patreon.com/thing_umbrella"
        }
      ],
      "engines": {
        "node": ">=12.7"
      }
    },
    "node_modules/@thi.ng/hex": {
      "version": "2.3.18",
      "resolved": "https://registry.npmjs.org/@thi.ng/hex/-/hex-2.3.18.tgz",
      "integrity": "sha512-FGq/P7cfaTWCd+NsnRPTE0aRuB5r10Hma5Jkys+1UKEaVj3OYuCUa3s1dcOT4oMbOqXuUnqH2fxAtUqMRrcWtg==",
      "dev": true,
      "funding": [
        {
          "type": "github",
          "url": "https://github.com/sponsors/postspectacular"
        },
        {
          "type": "patreon",
          "url": "https://patreon.com/thing_umbrella"
        }
      ],
      "engines": {
        "node": ">=12.7"
      }
    },
    "node_modules/@thi.ng/logger": {
      "version": "1.4.22",
      "resolved": "https://registry.npmjs.org/@thi.ng/logger/-/logger-1.4.22.tgz",
      "integrity": "sha512-j9wNTtB7N6a4p2D+D2ECsLmrlMBpiheSVKZwJec1kLGJIxxNndck8Y6b26GibbIMHNS98mZoqYs4Nfqmpb8lZg==",
      "dev": true,
      "funding": [
        {
          "type": "github",
          "url": "https://github.com/sponsors/postspectacular"
        },
        {
          "type": "patreon",
          "url": "https://patreon.com/thing_umbrella"
        }
      ],
      "engines": {
        "node": ">=12.7"
      }
    },
    "node_modules/@thi.ng/math": {
      "version": "5.6.3",
      "resolved": "https://registry.npmjs.org/@thi.ng/math/-/math-5.6.3.tgz",
      "integrity": "sha512-WzmZn1GttGqJ12Xfgvza18l/e6fozbu9YeXoTSeJ9aCTCyPlLCgnSv+uMl99zN4JkjnJjQXDVrjwE9NfOAIuhg==",
      "dev": true,
      "funding": [
        {
          "type": "github",
          "url": "https://github.com/sponsors/postspectacular"
        },
        {
          "type": "patreon",
          "url": "https://patreon.com/thing_umbrella"
        }
      ],
      "dependencies": {
        "@thi.ng/api": "^8.9.6"
      },
      "engines": {
        "node": ">=12.7"
      }
    },
    "node_modules/@thi.ng/paths": {
      "version": "5.1.45",
      "resolved": "https://registry.npmjs.org/@thi.ng/paths/-/paths-5.1.45.tgz",
      "integrity": "sha512-F5KEUJp1p6KrIPeR6wEeCAddoAigwBSBvr0cjdw5Bb/Z0i1uiwlC/oZ14NG6mFcqDXxv3n70eMo5zQspKik+VA==",
      "dev": true,
      "funding": [
        {
          "type": "github",
          "url": "https://github.com/sponsors/postspectacular"
        },
        {
          "type": "patreon",
          "url": "https://patreon.com/thing_umbrella"
        }
      ],
      "dependencies": {
        "@thi.ng/api": "^8.9.6",
        "@thi.ng/checks": "^3.4.6",
        "@thi.ng/errors": "^2.3.6"
      },
      "engines": {
        "node": ">=12.7"
      }
    },
    "node_modules/@thi.ng/random": {
      "version": "3.6.9",
      "resolved": "https://registry.npmjs.org/@thi.ng/random/-/random-3.6.9.tgz",
      "integrity": "sha512-W0IJI2ZVpOFuJ8d+MFEJu6DyyUFqYTfwYAAiABYyetEx0oy2/oUcrncbaruSKD2IQIbVFALTIN/nat52p/xF4Q==",
      "dev": true,
      "funding": [
        {
          "type": "github",
          "url": "https://github.com/sponsors/postspectacular"
        },
        {
          "type": "patreon",
          "url": "https://patreon.com/thing_umbrella"
        }
      ],
      "dependencies": {
        "@thi.ng/api": "^8.9.6",
        "@thi.ng/checks": "^3.4.6",
        "@thi.ng/errors": "^2.3.6",
        "@thi.ng/hex": "^2.3.18"
      },
      "engines": {
        "node": ">=12.7"
      }
    },
    "node_modules/@thi.ng/rstream": {
      "version": "8.2.1",
      "resolved": "https://registry.npmjs.org/@thi.ng/rstream/-/rstream-8.2.1.tgz",
      "integrity": "sha512-vx9B3VBga5o+ocueZ+uNp4mymEuGnChhEj9TE5OHbhZgCOGWH62CCzsTuOXgXpkvaRQsWZuKwuqJ6Chuz1prbA==",
      "dev": true,
      "funding": [
        {
          "type": "github",
          "url": "https://github.com/sponsors/postspectacular"
        },
        {
          "type": "patreon",
          "url": "https://patreon.com/thing_umbrella"
        }
      ],
      "dependencies": {
        "@thi.ng/api": "^8.9.6",
        "@thi.ng/arrays": "^2.6.4",
        "@thi.ng/associative": "^6.3.12",
        "@thi.ng/atom": "^5.2.10",
        "@thi.ng/checks": "^3.4.6",
        "@thi.ng/errors": "^2.3.6",
        "@thi.ng/logger": "^1.4.22",
        "@thi.ng/transducers": "^8.8.3"
      },
      "engines": {
        "node": ">=12.7"
      }
    },
    "node_modules/@thi.ng/transducers": {
      "version": "8.8.3",
      "resolved": "https://registry.npmjs.org/@thi.ng/transducers/-/transducers-8.8.3.tgz",
      "integrity": "sha512-GiGLJjossh3+Q9WUUlJD0+SHebpqyc8be8dKDx3vAg9atFuUlBVXFkmm5F2Ha61h4G4x1s/umwmCDdGfahzcsQ==",
      "dev": true,
      "funding": [
        {
          "type": "github",
          "url": "https://github.com/sponsors/postspectacular"
        },
        {
          "type": "patreon",
          "url": "https://patreon.com/thing_umbrella"
        }
      ],
      "dependencies": {
        "@thi.ng/api": "^8.9.6",
        "@thi.ng/arrays": "^2.6.4",
        "@thi.ng/checks": "^3.4.6",
        "@thi.ng/compare": "^2.2.1",
        "@thi.ng/compose": "^2.1.43",
        "@thi.ng/errors": "^2.3.6",
        "@thi.ng/math": "^5.6.3",
        "@thi.ng/random": "^3.6.9"
      },
      "engines": {
        "node": ">=12.7"
      }
    },
    "node_modules/@vue/compiler-core": {
      "version": "3.3.6",
      "resolved": "https://registry.npmjs.org/@vue/compiler-core/-/compiler-core-3.3.6.tgz",
      "integrity": "sha512-2JNjemwaNwf+MkkatATVZi7oAH1Hx0B04DdPH3ZoZ8vKC1xZVP7nl4HIsk8XYd3r+/52sqqoz9TWzYc3yE9dqA==",
      "dev": true,
      "dependencies": {
        "@babel/parser": "^7.23.0",
        "@vue/shared": "3.3.6",
        "estree-walker": "^2.0.2",
        "source-map-js": "^1.0.2"
      }
    },
    "node_modules/@vue/compiler-dom": {
      "version": "3.3.6",
      "resolved": "https://registry.npmjs.org/@vue/compiler-dom/-/compiler-dom-3.3.6.tgz",
      "integrity": "sha512-1MxXcJYMHiTPexjLAJUkNs/Tw2eDf2tY3a0rL+LfuWyiKN2s6jvSwywH3PWD8bKICjfebX3GWx2Os8jkRDq3Ng==",
      "dev": true,
      "dependencies": {
        "@vue/compiler-core": "3.3.6",
        "@vue/shared": "3.3.6"
      }
    },
    "node_modules/@vue/compiler-sfc": {
      "version": "3.3.6",
      "resolved": "https://registry.npmjs.org/@vue/compiler-sfc/-/compiler-sfc-3.3.6.tgz",
      "integrity": "sha512-/Kms6du2h1VrXFreuZmlvQej8B1zenBqIohP0690IUBkJjsFvJxY0crcvVRJ0UhMgSR9dewB+khdR1DfbpArJA==",
      "dev": true,
      "dependencies": {
        "@babel/parser": "^7.23.0",
        "@vue/compiler-core": "3.3.6",
        "@vue/compiler-dom": "3.3.6",
        "@vue/compiler-ssr": "3.3.6",
        "@vue/reactivity-transform": "3.3.6",
        "@vue/shared": "3.3.6",
        "estree-walker": "^2.0.2",
        "magic-string": "^0.30.5",
        "postcss": "^8.4.31",
        "source-map-js": "^1.0.2"
      }
    },
    "node_modules/@vue/compiler-ssr": {
      "version": "3.3.6",
      "resolved": "https://registry.npmjs.org/@vue/compiler-ssr/-/compiler-ssr-3.3.6.tgz",
      "integrity": "sha512-QTIHAfDCHhjXlYGkUg5KH7YwYtdUM1vcFl/FxFDlD6d0nXAmnjizka3HITp8DGudzHndv2PjKVS44vqqy0vP4w==",
      "dev": true,
      "dependencies": {
        "@vue/compiler-dom": "3.3.6",
        "@vue/shared": "3.3.6"
      }
    },
    "node_modules/@vue/reactivity": {
      "version": "3.3.6",
      "resolved": "https://registry.npmjs.org/@vue/reactivity/-/reactivity-3.3.6.tgz",
      "integrity": "sha512-gtChAumfQz5lSy5jZXfyXbKrIYPf9XEOrIr6rxwVyeWVjFhJwmwPLtV6Yis+M9onzX++I5AVE9j+iPH60U+B8Q==",
      "dev": true,
      "dependencies": {
        "@vue/shared": "3.3.6"
      }
    },
    "node_modules/@vue/reactivity-transform": {
      "version": "3.3.6",
      "resolved": "https://registry.npmjs.org/@vue/reactivity-transform/-/reactivity-transform-3.3.6.tgz",
      "integrity": "sha512-RlJl4dHfeO7EuzU1iJOsrlqWyJfHTkJbvYz/IOJWqu8dlCNWtxWX377WI0VsbAgBizjwD+3ZjdnvSyyFW1YVng==",
      "dev": true,
      "dependencies": {
        "@babel/parser": "^7.23.0",
        "@vue/compiler-core": "3.3.6",
        "@vue/shared": "3.3.6",
        "estree-walker": "^2.0.2",
        "magic-string": "^0.30.5"
      }
    },
    "node_modules/@vue/runtime-core": {
      "version": "3.3.6",
      "resolved": "https://registry.npmjs.org/@vue/runtime-core/-/runtime-core-3.3.6.tgz",
      "integrity": "sha512-qp7HTP1iw1UW2ZGJ8L3zpqlngrBKvLsDAcq5lA6JvEXHmpoEmjKju7ahM9W2p/h51h0OT5F2fGlP/gMhHOmbUA==",
      "dev": true,
      "dependencies": {
        "@vue/reactivity": "3.3.6",
        "@vue/shared": "3.3.6"
      }
    },
    "node_modules/@vue/runtime-dom": {
      "version": "3.3.6",
      "resolved": "https://registry.npmjs.org/@vue/runtime-dom/-/runtime-dom-3.3.6.tgz",
      "integrity": "sha512-AoX3Cp8NqMXjLbIG9YR6n/pPLWE9TiDdk6wTJHFnl2GpHzDFH1HLBC9wlqqQ7RlnvN3bVLpzPGAAH00SAtOxHg==",
      "dev": true,
      "dependencies": {
        "@vue/runtime-core": "3.3.6",
        "@vue/shared": "3.3.6",
        "csstype": "^3.1.2"
      }
    },
    "node_modules/@vue/server-renderer": {
      "version": "3.3.6",
      "resolved": "https://registry.npmjs.org/@vue/server-renderer/-/server-renderer-3.3.6.tgz",
      "integrity": "sha512-kgLoN43W4ERdZ6dpyy+gnk2ZHtcOaIr5Uc/WUP5DRwutgvluzu2pudsZGoD2b7AEJHByUVMa9k6Sho5lLRCykw==",
      "dev": true,
      "dependencies": {
        "@vue/compiler-ssr": "3.3.6",
        "@vue/shared": "3.3.6"
      },
      "peerDependencies": {
        "vue": "3.3.6"
      }
    },
    "node_modules/@vue/shared": {
      "version": "3.3.6",
      "resolved": "https://registry.npmjs.org/@vue/shared/-/shared-3.3.6.tgz",
      "integrity": "sha512-Xno5pEqg8SVhomD0kTSmfh30ZEmV/+jZtyh39q6QflrjdJCXah5lrnOLi9KB6a5k5aAHXMXjoMnxlzUkCNfWLQ==",
      "dev": true
    },
    "node_modules/csstype": {
      "version": "3.1.2",
      "resolved": "https://registry.npmjs.org/csstype/-/csstype-3.1.2.tgz",
      "integrity": "sha512-I7K1Uu0MBPzaFKg4nI5Q7Vs2t+3gWWW648spaF+Rg7pI9ds18Ugn+lvg4SHczUdKlHI5LWBXyqfS8+DufyBsgQ==",
      "dev": true
    },
    "node_modules/esbuild": {
      "version": "0.19.5",
      "resolved": "https://registry.npmjs.org/esbuild/-/esbuild-0.19.5.tgz",
      "integrity": "sha512-bUxalY7b1g8vNhQKdB24QDmHeY4V4tw/s6Ak5z+jJX9laP5MoQseTOMemAr0gxssjNcH0MCViG8ONI2kksvfFQ==",
      "dev": true,
      "hasInstallScript": true,
      "bin": {
        "esbuild": "bin/esbuild"
      },
      "engines": {
        "node": ">=12"
      },
      "optionalDependencies": {
        "@esbuild/android-arm": "0.19.5",
        "@esbuild/android-arm64": "0.19.5",
        "@esbuild/android-x64": "0.19.5",
        "@esbuild/darwin-arm64": "0.19.5",
        "@esbuild/darwin-x64": "0.19.5",
        "@esbuild/freebsd-arm64": "0.19.5",
        "@esbuild/freebsd-x64": "0.19.5",
        "@esbuild/linux-arm": "0.19.5",
        "@esbuild/linux-arm64": "0.19.5",
        "@esbuild/linux-ia32": "0.19.5",
        "@esbuild/linux-loong64": "0.19.5",
        "@esbuild/linux-mips64el": "0.19.5",
        "@esbuild/linux-ppc64": "0.19.5",
        "@esbuild/linux-riscv64": "0.19.5",
        "@esbuild/linux-s390x": "0.19.5",
        "@esbuild/linux-x64": "0.19.5",
        "@esbuild/netbsd-x64": "0.19.5",
        "@esbuild/openbsd-x64": "0.19.5",
        "@esbuild/sunos-x64": "0.19.5",
        "@esbuild/win32-arm64": "0.19.5",
        "@esbuild/win32-ia32": "0.19.5",
        "@esbuild/win32-x64": "0.19.5"
      }
    },
    "node_modules/estree-walker": {
      "version": "2.0.2",
      "resolved": "https://registry.npmjs.org/estree-walker/-/estree-walker-2.0.2.tgz",
      "integrity": "sha512-Rfkk/Mp/DL7JVje3u18FxFujQlTNR2q6QfMSMB7AvCBx91NGj/ba3kCfza0f6dVDbw7YlRf/nDrn7pQrCCyQ/w==",
      "dev": true
    },
    "node_modules/magic-string": {
      "version": "0.30.5",
      "resolved": "https://registry.npmjs.org/magic-string/-/magic-string-0.30.5.tgz",
      "integrity": "sha512-7xlpfBaQaP/T6Vh8MO/EqXSW5En6INHEvEXQiuff7Gku0PWjU3uf6w/j9o7O+SpB5fOAkrI5HeoNgwjEO0pFsA==",
      "dev": true,
      "dependencies": {
        "@jridgewell/sourcemap-codec": "^1.4.15"
      },
      "engines": {
        "node": ">=12"
      }
    },
    "node_modules/nanoid": {
      "version": "3.3.6",
      "resolved": "https://registry.npmjs.org/nanoid/-/nanoid-3.3.6.tgz",
      "integrity": "sha512-BGcqMMJuToF7i1rt+2PWSNVnWIkGCU78jBG3RxO/bZlnZPK2Cmi2QaffxGO/2RvWi9sL+FAiRiXMgsyxQ1DIDA==",
      "dev": true,
      "funding": [
        {
          "type": "github",
          "url": "https://github.com/sponsors/ai"
        }
      ],
      "bin": {
        "nanoid": "bin/nanoid.cjs"
      },
      "engines": {
        "node": "^10 || ^12 || ^13.7 || ^14 || >=15.0.1"
      }
    },
    "node_modules/picocolors": {
      "version": "1.0.0",
      "resolved": "https://registry.npmjs.org/picocolors/-/picocolors-1.0.0.tgz",
      "integrity": "sha512-1fygroTLlHu66zi26VoTDv8yRgm0Fccecssto+MhsZ0D/DGW2sm8E8AjW7NU5VVTRt5GxbeZ5qBuJr+HyLYkjQ==",
      "dev": true
    },
    "node_modules/postcss": {
      "version": "8.4.31",
      "resolved": "https://registry.npmjs.org/postcss/-/postcss-8.4.31.tgz",
      "integrity": "sha512-PS08Iboia9mts/2ygV3eLpY5ghnUcfLV/EXTOW1E2qYxJKGGBUtNjN76FYHnMs36RmARn41bC0AZmn+rR0OVpQ==",
      "dev": true,
      "funding": [
        {
          "type": "opencollective",
          "url": "https://opencollective.com/postcss/"
        },
        {
          "type": "tidelift",
          "url": "https://tidelift.com/funding/github/npm/postcss"
        },
        {
          "type": "github",
          "url": "https://github.com/sponsors/ai"
        }
      ],
      "dependencies": {
        "nanoid": "^3.3.6",
        "picocolors": "^1.0.0",
        "source-map-js": "^1.0.2"
      },
      "engines": {
        "node": "^10 || ^12 || >=14"
      }
    },
    "node_modules/source-map-js": {
      "version": "1.0.2",
      "resolved": "https://registry.npmjs.org/source-map-js/-/source-map-js-1.0.2.tgz",
      "integrity": "sha512-R0XvVJ9WusLiqTCEiGCmICCMplcCkIwwR11mOSD9CR5u+IXYdiseeEuXCVAjS54zqwkLcPNnmU4OeJ6tUrWhDw==",
      "dev": true,
      "engines": {
        "node": ">=0.10.0"
      }
    },
    "node_modules/tslib": {
      "version": "2.6.2",
      "resolved": "https://registry.npmjs.org/tslib/-/tslib-2.6.2.tgz",
      "integrity": "sha512-AEYxH93jGFPn/a2iVAwW87VuUIkR1FVUKB77NwMF7nBTDkDrrT/Hpt/IrCJ0QXhW27jTBDcf5ZY7w6RiqTMw2Q==",
      "dev": true
    },
    "node_modules/vue": {
      "version": "3.3.6",
      "resolved": "https://registry.npmjs.org/vue/-/vue-3.3.6.tgz",
      "integrity": "sha512-jJIDETeWJnoY+gfn4ZtMPMS5KtbP4ax+CT4dcQFhTnWEk8xMupFyQ0JxL28nvT/M4+p4a0ptxaV2WY0LiIxvRg==",
      "dev": true,
      "dependencies": {
        "@vue/compiler-dom": "3.3.6",
        "@vue/compiler-sfc": "3.3.6",
        "@vue/runtime-dom": "3.3.6",
        "@vue/server-renderer": "3.3.6",
        "@vue/shared": "3.3.6"
      },
      "peerDependencies": {
        "typescript": "*"
      },
      "peerDependenciesMeta": {
        "typescript": {
          "optional": true
        }
      }
    }
  }
}
